
Microsoft Visual Studio Solution File, Format Version 12.00
# Visual Studio 14
VisualStudioVersion = 14.0.25420.1
MinimumVisualStudioVersion = 10.0.40219.1
Project("{FAE04EC0-301F-11D3-BF4B-00C04F79EFBC}") = "GeoMusicSiteClient", "GeoMusicSiteClient\GeoMusicSiteClient.csproj", "{DE5DDC0F-DD67-4739-B705-FCF6756ECB41}"
EndProject
Project("{F088123C-0E9E-452A-89E6-6BA2F21D5CAC}") = "ModelingProject1", "ModelingProject1\ModelingProject1.modelproj", "{C94E6F5B-F38B-48E5-85AC-9EDE4712C813}"
EndProject
Global
	GlobalSection(SolutionConfigurationPlatforms) = preSolution
		Debug|Any CPU = Debug|Any CPU
		Release|Any CPU = Release|Any CPU
	EndGlobalSection
	GlobalSection(ProjectConfigurationPlatforms) = postSolution
		{DE5DDC0F-DD67-4739-B705-FCF6756ECB41}.Debug|Any CPU.ActiveCfg = Debug|Any CPU
		{DE5DDC0F-DD67-4739-B705-FCF6756ECB41}.Debug|Any CPU.Build.0 = Debug|Any CPU
		{DE5DDC0F-DD67-4739-B705-FCF6756ECB41}.Release|Any CPU.ActiveCfg = Release|Any CPU
		{DE5DDC0F-DD67-4739-B705-FCF6756ECB41}.Release|Any CPU.Build.0 = Release|Any CPU
		{C94E6F5B-F38B-48E5-85AC-9EDE4712C813}.Debug|Any CPU.ActiveCfg = Debug|Any CPU
		{C94E6F5B-F38B-48E5-85AC-9EDE4712C813}.Debug|Any CPU.Build.0 = Debug|Any CPU
		{C94E6F5B-F38B-48E5-85AC-9EDE4712C813}.Release|Any CPU.ActiveCfg = Release|Any CPU
		{C94E6F5B-F38B-48E5-85AC-9EDE4712C813}.Release|Any CPU.Build.0 = Release|Any CPU
	EndGlobalSection
	GlobalSection(SolutionProperties) = preSolution
		HideSolutionNode = FALSE
	EndGlobalSection
EndGlobal
